
Microsoft Visual Studio Solution File, Format Version 12.00
# Visual Studio Version 17
VisualStudioVersion = 17.8.34330.188
MinimumVisualStudioVersion = 10.0.40219.1
Project("{9A19103F-16F7-4668-BE54-9A1E7A4F7556}") = "BlazorMovieAPP", "BlazorMovieAPP.csproj", "{3ED62A5F-FEDA-4492-BDDA-28A620AC5A0D}"
EndProject
Global
	GlobalSection(SolutionConfigurationPlatforms) = preSolution
		Debug|Any CPU = Debug|Any CPU
		Release|Any CPU = Release|Any CPU
	EndGlobalSection
	GlobalSection(ProjectConfigurationPlatforms) = postSolution
		{3ED62A5F-FEDA-4492-BDDA-28A620AC5A0D}.Debug|Any CPU.ActiveCfg = Debug|Any CPU
		{3ED62A5F-FEDA-4492-BDDA-28A620AC5A0D}.Debug|Any CPU.Build.0 = Debug|Any CPU
		{3ED62A5F-FEDA-4492-BDDA-28A620AC5A0D}.Release|Any CPU.ActiveCfg = Release|Any CPU
		{3ED62A5F-FEDA-4492-BDDA-28A620AC5A0D}.Release|Any CPU.Build.0 = Release|Any CPU
	EndGlobalSection
	GlobalSection(SolutionProperties) = preSolution
		HideSolutionNode = FALSE
	EndGlobalSection
	GlobalSection(ExtensibilityGlobals) = postSolution
		SolutionGuid = {25163F51-C99A-4A3B-BA5A-5A8CB67FAFB5}
	EndGlobalSection
EndGlobal
